
Microsoft Visual Studio Solution File, Format Version 12.00
# Visual Studio Version 17
VisualStudioVersion = 17.9.34723.18
MinimumVisualStudioVersion = 10.0.40219.1
Project("{FAE04EC0-301F-11D3-BF4B-00C04F79EFBC}") = "FollowUp_System", "FollowUp_System\FollowUp_System.csproj", "{B142B077-FF1E-4DFC-9BC0-533EEC0ADD68}"
EndProject
Global
	GlobalSection(SolutionConfigurationPlatforms) = preSolution
		Debug|Any CPU = Debug|Any CPU
		Release|Any CPU = Release|Any CPU
	EndGlobalSection
	GlobalSection(ProjectConfigurationPlatforms) = postSolution
		{B142B077-FF1E-4DFC-9BC0-533EEC0ADD68}.Debug|Any CPU.ActiveCfg = Debug|Any CPU
		{B142B077-FF1E-4DFC-9BC0-533EEC0ADD68}.Debug|Any CPU.Build.0 = Debug|Any CPU
		{B142B077-FF1E-4DFC-9BC0-533EEC0ADD68}.Release|Any CPU.ActiveCfg = Release|Any CPU
		{B142B077-FF1E-4DFC-9BC0-533EEC0ADD68}.Release|Any CPU.Build.0 = Release|Any CPU
	EndGlobalSection
	GlobalSection(SolutionProperties) = preSolution
		HideSolutionNode = FALSE
	EndGlobalSection
	GlobalSection(ExtensibilityGlobals) = postSolution
		SolutionGuid = {CF93EB9F-070D-4D27-8D12-56BB8EB9E9D2}
	EndGlobalSection
EndGlobal
